// !$*UTF8*$!
{
	archiveVersion = 1;
	classes = {
	};
	objectVersion = 50;
	objects = {

/* Begin PBXBuildFile section */
		2F2FC35F212EADD4009C2AF3 /* Alamofire.framework in Frameworks */ = {isa = PBXBuildFile; fileRef = 2F2FC35E212EADD4009C2AF3 /* Alamofire.framework */; };
		2F49FAE9212BFB3700556F99 /* LiveViewController.swift in Sources */ = {isa = PBXBuildFile; fileRef = 2F49FAE8212BFB3700556F99 /* LiveViewController.swift */; };
		2F49FAEA212C054B00556F99 /* HaishinKit.framework in Frameworks */ = {isa = PBXBuildFile; fileRef = 2F49FAE3212BFAA000556F99 /* HaishinKit.framework */; };
		2F49FAEB212C054B00556F99 /* Logboard.framework in Frameworks */ = {isa = PBXBuildFile; fileRef = 2F49FAE5212BFAA400556F99 /* Logboard.framework */; };
		2FA8E10C2133C7AC00BF624A /* AudioEncoder.swift in Sources */ = {isa = PBXBuildFile; fileRef = 2FA8E10B2133C7AC00BF624A /* AudioEncoder.swift */; };
		2FC42654211BD917007B3099 /* AppDelegate.swift in Sources */ = {isa = PBXBuildFile; fileRef = 2FC42653211BD917007B3099 /* AppDelegate.swift */; };
		2FC42656211BD917007B3099 /* AuthorizationViewController.swift in Sources */ = {isa = PBXBuildFile; fileRef = 2FC42655211BD917007B3099 /* AuthorizationViewController.swift */; };
		2FC42659211BD917007B3099 /* Main.storyboard in Resources */ = {isa = PBXBuildFile; fileRef = 2FC42657211BD917007B3099 /* Main.storyboard */; };
		2FC4265B211BD918007B3099 /* Assets.xcassets in Resources */ = {isa = PBXBuildFile; fileRef = 2FC4265A211BD918007B3099 /* Assets.xcassets */; };
		2FC4265E211BD918007B3099 /* LaunchScreen.storyboard in Resources */ = {isa = PBXBuildFile; fileRef = 2FC4265C211BD918007B3099 /* LaunchScreen.storyboard */; };
		2FC4268A211BF84F007B3099 /* ReplayKit.framework in Frameworks */ = {isa = PBXBuildFile; fileRef = 2FC42689211BF84F007B3099 /* ReplayKit.framework */; };
		2FC42694211BF84F007B3099 /* ReplayKit.framework in Frameworks */ = {isa = PBXBuildFile; fileRef = 2FC42689211BF84F007B3099 /* ReplayKit.framework */; };
		2FC42696211BF84F007B3099 /* UIKit.framework in Frameworks */ = {isa = PBXBuildFile; fileRef = 2FC42695211BF84F007B3099 /* UIKit.framework */; };
		2FC426A9211D974B007B3099 /* FrameExtractor.swift in Sources */ = {isa = PBXBuildFile; fileRef = 2FC426A8211D974B007B3099 /* FrameExtractor.swift */; };
		2FC426AB21215009007B3099 /* CameraViewController.swift in Sources */ = {isa = PBXBuildFile; fileRef = 2FC426AA21215009007B3099 /* CameraViewController.swift */; };
		2FCC7C49212D32DB00BBDF92 /* VideoEncoder.swift in Sources */ = {isa = PBXBuildFile; fileRef = 2FCC7C48212D32DB00BBDF92 /* VideoEncoder.swift */; };
/* End PBXBuildFile section */

/* Begin PBXFileReference section */
		2F2FC35E212EADD4009C2AF3 /* Alamofire.framework */ = {isa = PBXFileReference; lastKnownFileType = wrapper.framework; name = Alamofire.framework; path = WotjdCam/Carthage/Build/iOS/Alamofire.framework; sourceTree = "<group>"; };
		2F49FAE3212BFAA000556F99 /* HaishinKit.framework */ = {isa = PBXFileReference; lastKnownFileType = wrapper.framework; name = HaishinKit.framework; path = WotjdCam/Carthage/Build/iOS/HaishinKit.framework; sourceTree = "<group>"; };
		2F49FAE5212BFAA400556F99 /* Logboard.framework */ = {isa = PBXFileReference; lastKnownFileType = wrapper.framework; name = Logboard.framework; path = WotjdCam/Carthage/Build/iOS/Logboard.framework; sourceTree = "<group>"; };
		2F49FAE8212BFB3700556F99 /* LiveViewController.swift */ = {isa = PBXFileReference; lastKnownFileType = sourcecode.swift; path = LiveViewController.swift; sourceTree = "<group>"; };
		2FA8E10B2133C7AC00BF624A /* AudioEncoder.swift */ = {isa = PBXFileReference; lastKnownFileType = sourcecode.swift; path = AudioEncoder.swift; sourceTree = "<group>"; };
		2FC42650211BD917007B3099 /* WotjdCam.app */ = {isa = PBXFileReference; explicitFileType = wrapper.application; includeInIndex = 0; path = WotjdCam.app; sourceTree = BUILT_PRODUCTS_DIR; };
		2FC42653211BD917007B3099 /* AppDelegate.swift */ = {isa = PBXFileReference; lastKnownFileType = sourcecode.swift; path = AppDelegate.swift; sourceTree = "<group>"; };
		2FC42655211BD917007B3099 /* AuthorizationViewController.swift */ = {isa = PBXFileReference; lastKnownFileType = sourcecode.swift; path = AuthorizationViewController.swift; sourceTree = "<group>"; };
		2FC42658211BD917007B3099 /* Base */ = {isa = PBXFileReference; lastKnownFileType = file.storyboard; name = Base; path = Base.lproj/Main.storyboard; sourceTree = "<group>"; };
		2FC4265A211BD918007B3099 /* Assets.xcassets */ = {isa = PBXFileReference; lastKnownFileType = folder.assetcatalog; path = Assets.xcassets; sourceTree = "<group>"; };
		2FC4265D211BD918007B3099 /* Base */ = {isa = PBXFileReference; lastKnownFileType = file.storyboard; name = Base; path = Base.lproj/LaunchScreen.storyboard; sourceTree = "<group>"; };
		2FC4265F211BD918007B3099 /* Info.plist */ = {isa = PBXFileReference; lastKnownFileType = text.plist.xml; path = Info.plist; sourceTree = "<group>"; };
		2FC42687211BF84F007B3099 /* BroadcastExtension.appex */ = {isa = PBXFileReference; explicitFileType = "wrapper.app-extension"; includeInIndex = 0; path = BroadcastExtension.appex; sourceTree = BUILT_PRODUCTS_DIR; };
		2FC42689211BF84F007B3099 /* ReplayKit.framework */ = {isa = PBXFileReference; lastKnownFileType = wrapper.framework; name = ReplayKit.framework; path = System/Library/Frameworks/ReplayKit.framework; sourceTree = SDKROOT; };
		2FC42693211BF84F007B3099 /* BroadcastExtensionSetupUI.appex */ = {isa = PBXFileReference; explicitFileType = "wrapper.app-extension"; includeInIndex = 0; path = BroadcastExtensionSetupUI.appex; sourceTree = BUILT_PRODUCTS_DIR; };
		2FC42695211BF84F007B3099 /* UIKit.framework */ = {isa = PBXFileReference; lastKnownFileType = wrapper.framework; name = UIKit.framework; path = System/Library/Frameworks/UIKit.framework; sourceTree = SDKROOT; };
		2FC426A8211D974B007B3099 /* FrameExtractor.swift */ = {isa = PBXFileReference; lastKnownFileType = sourcecode.swift; path = FrameExtractor.swift; sourceTree = "<group>"; };
		2FC426AA21215009007B3099 /* CameraViewController.swift */ = {isa = PBXFileReference; lastKnownFileType = sourcecode.swift; path = CameraViewController.swift; sourceTree = "<group>"; };
		2FCC7C48212D32DB00BBDF92 /* VideoEncoder.swift */ = {isa = PBXFileReference; lastKnownFileType = sourcecode.swift; path = VideoEncoder.swift; sourceTree = "<group>"; };
/* End PBXFileReference section */

/* Begin PBXFrameworksBuildPhase section */
		2FC4264D211BD917007B3099 /* Frameworks */ = {
			isa = PBXFrameworksBuildPhase;
			buildActionMask = 2147483647;
			files = (
				2F49FAEA212C054B00556F99 /* HaishinKit.framework in Frameworks */,
				2F49FAEB212C054B00556F99 /* Logboard.framework in Frameworks */,
				2F2FC35F212EADD4009C2AF3 /* Alamofire.framework in Frameworks */,
			);
			runOnlyForDeploymentPostprocessing = 0;
		};
		2FC42684211BF84F007B3099 /* Frameworks */ = {
			isa = PBXFrameworksBuildPhase;
			buildActionMask = 2147483647;
			files = (
				2FC4268A211BF84F007B3099 /* ReplayKit.framework in Frameworks */,
			);
			runOnlyForDeploymentPostprocessing = 0;
		};
		2FC42690211BF84F007B3099 /* Frameworks */ = {
			isa = PBXFrameworksBuildPhase;
			buildActionMask = 2147483647;
			files = (
				2FC42694211BF84F007B3099 /* ReplayKit.framework in Frameworks */,
				2FC42696211BF84F007B3099 /* UIKit.framework in Frameworks */,
			);
			runOnlyForDeploymentPostprocessing = 0;
		};
/* End PBXFrameworksBuildPhase section */

/* Begin PBXGroup section */
		2FC42647211BD917007B3099 = {
			isa = PBXGroup;
			children = (
				2FC42652211BD917007B3099 /* WotjdCam */,
				2FC42688211BF84F007B3099 /* Frameworks */,
				2FC42651211BD917007B3099 /* Products */,
			);
			sourceTree = "<group>";
		};
		2FC42651211BD917007B3099 /* Products */ = {
			isa = PBXGroup;
			children = (
				2FC42650211BD917007B3099 /* WotjdCam.app */,
				2FC42687211BF84F007B3099 /* BroadcastExtension.appex */,
				2FC42693211BF84F007B3099 /* BroadcastExtensionSetupUI.appex */,
			);
			name = Products;
			sourceTree = "<group>";
		};
		2FC42652211BD917007B3099 /* WotjdCam */ = {
			isa = PBXGroup;
			children = (
				2FC42653211BD917007B3099 /* AppDelegate.swift */,
				2FC42655211BD917007B3099 /* AuthorizationViewController.swift */,
				2FC426AA21215009007B3099 /* CameraViewController.swift */,
				2FC426A8211D974B007B3099 /* FrameExtractor.swift */,
				2FA8E10B2133C7AC00BF624A /* AudioEncoder.swift */,
				2FCC7C48212D32DB00BBDF92 /* VideoEncoder.swift */,
				2F49FAE8212BFB3700556F99 /* LiveViewController.swift */,
				2FC42657211BD917007B3099 /* Main.storyboard */,
				2FC4265A211BD918007B3099 /* Assets.xcassets */,
				2FC4265C211BD918007B3099 /* LaunchScreen.storyboard */,
				2FC4265F211BD918007B3099 /* Info.plist */,
			);
			path = WotjdCam;
			sourceTree = "<group>";
		};
		2FC42688211BF84F007B3099 /* Frameworks */ = {
			isa = PBXGroup;
			children = (
				2F2FC35E212EADD4009C2AF3 /* Alamofire.framework */,
				2F49FAE5212BFAA400556F99 /* Logboard.framework */,
				2F49FAE3212BFAA000556F99 /* HaishinKit.framework */,
				2FC42689211BF84F007B3099 /* ReplayKit.framework */,
				2FC42695211BF84F007B3099 /* UIKit.framework */,
			);
			name = Frameworks;
			sourceTree = "<group>";
		};
/* End PBXGroup section */

/* Begin PBXNativeTarget section */
		2FC4264F211BD917007B3099 /* WotjdCam */ = {
			isa = PBXNativeTarget;
			buildConfigurationList = 2FC42662211BD918007B3099 /* Build configuration list for PBXNativeTarget "WotjdCam" */;
			buildPhases = (
				2FC4264C211BD917007B3099 /* Sources */,
				2FC4264D211BD917007B3099 /* Frameworks */,
				2FC4264E211BD917007B3099 /* Resources */,
				2F49FAE7212BFAC000556F99 /* ShellScript */,
			);
			buildRules = (
			);
			dependencies = (
			);
			name = WotjdCam;
			productName = WotjdCam;
			productReference = 2FC42650211BD917007B3099 /* WotjdCam.app */;
			productType = "com.apple.product-type.application";
		};
		2FC42686211BF84F007B3099 /* BroadcastExtension */ = {
			isa = PBXNativeTarget;
			buildConfigurationList = 2FC426A4211BF850007B3099 /* Build configuration list for PBXNativeTarget "BroadcastExtension" */;
			buildPhases = (
				2FC42683211BF84F007B3099 /* Sources */,
				2FC42684211BF84F007B3099 /* Frameworks */,
				2FC42685211BF84F007B3099 /* Resources */,
			);
			buildRules = (
			);
			dependencies = (
			);
			name = BroadcastExtension;
			productName = BroadcastExtension;
			productReference = 2FC42687211BF84F007B3099 /* BroadcastExtension.appex */;
			productType = "com.apple.product-type.app-extension";
		};
		2FC42692211BF84F007B3099 /* BroadcastExtensionSetupUI */ = {
			isa = PBXNativeTarget;
			buildConfigurationList = 2FC426A1211BF850007B3099 /* Build configuration list for PBXNativeTarget "BroadcastExtensionSetupUI" */;
			buildPhases = (
				2FC4268F211BF84F007B3099 /* Sources */,
				2FC42690211BF84F007B3099 /* Frameworks */,
				2FC42691211BF84F007B3099 /* Resources */,
			);
			buildRules = (
			);
			dependencies = (
			);
			name = BroadcastExtensionSetupUI;
			productName = BroadcastExtensionSetupUI;
			productReference = 2FC42693211BF84F007B3099 /* BroadcastExtensionSetupUI.appex */;
			productType = "com.apple.product-type.app-extension";
		};
/* End PBXNativeTarget section */

/* Begin PBXProject section */
		2FC42648211BD917007B3099 /* Project object */ = {
			isa = PBXProject;
			attributes = {
				LastSwiftUpdateCheck = 0940;
				LastUpgradeCheck = 0940;
				ORGANIZATIONNAME = wotjd;
				TargetAttributes = {
					2FC4264F211BD917007B3099 = {
						CreatedOnToolsVersion = 9.4.1;
					};
					2FC42686211BF84F007B3099 = {
						CreatedOnToolsVersion = 9.4.1;
					};
					2FC42692211BF84F007B3099 = {
						CreatedOnToolsVersion = 9.4.1;
					};
				};
			};
			buildConfigurationList = 2FC4264B211BD917007B3099 /* Build configuration list for PBXProject "WotjdCam" */;
			compatibilityVersion = "Xcode 9.3";
			developmentRegion = en;
			hasScannedForEncodings = 0;
			knownRegions = (
				en,
				Base,
			);
			mainGroup = 2FC42647211BD917007B3099;
			productRefGroup = 2FC42651211BD917007B3099 /* Products */;
			projectDirPath = "";
			projectRoot = "";
			targets = (
				2FC4264F211BD917007B3099 /* WotjdCam */,
				2FC42686211BF84F007B3099 /* BroadcastExtension */,
				2FC42692211BF84F007B3099 /* BroadcastExtensionSetupUI */,
			);
		};
/* End PBXProject section */

/* Begin PBXResourcesBuildPhase section */
		2FC4264E211BD917007B3099 /* Resources */ = {
			isa = PBXResourcesBuildPhase;
			buildActionMask = 2147483647;
			files = (
				2FC4265E211BD918007B3099 /* LaunchScreen.storyboard in Resources */,
				2FC4265B211BD918007B3099 /* Assets.xcassets in Resources */,
				2FC42659211BD917007B3099 /* Main.storyboard in Resources */,
			);
			runOnlyForDeploymentPostprocessing = 0;
		};
		2FC42685211BF84F007B3099 /* Resources */ = {
			isa = PBXResourcesBuildPhase;
			buildActionMask = 2147483647;
			files = (
			);
			runOnlyForDeploymentPostprocessing = 0;
		};
		2FC42691211BF84F007B3099 /* Resources */ = {
			isa = PBXResourcesBuildPhase;
			buildActionMask = 2147483647;
			files = (
			);
			runOnlyForDeploymentPostprocessing = 0;
		};
/* End PBXResourcesBuildPhase section */

/* Begin PBXShellScriptBuildPhase section */
		2F49FAE7212BFAC000556F99 /* ShellScript */ = {
			isa = PBXShellScriptBuildPhase;
			buildActionMask = 2147483647;
			files = (
			);
			inputPaths = (
				"$(SRCROOT)/WotjdCam/Carthage/Build/iOS/Logboard.framework",
				"$(SRCROOT)/WotjdCam/Carthage/Build/iOS/HaishinKit.framework",
				"$(SRCROOT)/WotjdCam/Carthage/Build/iOS/Alamofire.framework",
			);
			outputPaths = (
			);
			runOnlyForDeploymentPostprocessing = 0;
			shellPath = /bin/sh;
			shellScript = "/usr/local/bin/carthage copy-frameworks";
		};
/* End PBXShellScriptBuildPhase section */

/* Begin PBXSourcesBuildPhase section */
		2FC4264C211BD917007B3099 /* Sources */ = {
			isa = PBXSourcesBuildPhase;
			buildActionMask = 2147483647;
			files = (
				2FC42656211BD917007B3099 /* AuthorizationViewController.swift in Sources */,
				2FC426AB21215009007B3099 /* CameraViewController.swift in Sources */,
				2FC426A9211D974B007B3099 /* FrameExtractor.swift in Sources */,
				2FA8E10C2133C7AC00BF624A /* AudioEncoder.swift in Sources */,
				2FC42654211BD917007B3099 /* AppDelegate.swift in Sources */,
				2FCC7C49212D32DB00BBDF92 /* VideoEncoder.swift in Sources */,
				2F49FAE9212BFB3700556F99 /* LiveViewController.swift in Sources */,
			);
			runOnlyForDeploymentPostprocessing = 0;
		};
		2FC42683211BF84F007B3099 /* Sources */ = {
			isa = PBXSourcesBuildPhase;
			buildActionMask = 2147483647;
			files = (
			);
			runOnlyForDeploymentPostprocessing = 0;
		};
		2FC4268F211BF84F007B3099 /* Sources */ = {
			isa = PBXSourcesBuildPhase;
			buildActionMask = 2147483647;
			files = (
			);
			runOnlyForDeploymentPostprocessing = 0;
		};
/* End PBXSourcesBuildPhase section */

/* Begin PBXVariantGroup section */
		2FC42657211BD917007B3099 /* Main.storyboard */ = {
			isa = PBXVariantGroup;
			children = (
				2FC42658211BD917007B3099 /* Base */,
			);
			name = Main.storyboard;
			sourceTree = "<group>";
		};
		2FC4265C211BD918007B3099 /* LaunchScreen.storyboard */ = {
			isa = PBXVariantGroup;
			children = (
				2FC4265D211BD918007B3099 /* Base */,
			);
			name = LaunchScreen.storyboard;
			sourceTree = "<group>";
		};
/* End PBXVariantGroup section */

/* Begin XCBuildConfiguration section */
		2FC42660211BD918007B3099 /* Debug */ = {
			isa = XCBuildConfiguration;
			buildSettings = {
				ALWAYS_SEARCH_USER_PATHS = NO;
				CLANG_ANALYZER_NONNULL = YES;
				CLANG_ANALYZER_NUMBER_OBJECT_CONVERSION = YES_AGGRESSIVE;
				CLANG_CXX_LANGUAGE_STANDARD = "gnu++14";
				CLANG_CXX_LIBRARY = "libc++";
				CLANG_ENABLE_MODULES = YES;
				CLANG_ENABLE_OBJC_ARC = YES;
				CLANG_ENABLE_OBJC_WEAK = YES;
				CLANG_WARN_BLOCK_CAPTURE_AUTORELEASING = YES;
				CLANG_WARN_BOOL_CONVERSION = YES;
				CLANG_WARN_COMMA = YES;
				CLANG_WARN_CONSTANT_CONVERSION = YES;
				CLANG_WARN_DEPRECATED_OBJC_IMPLEMENTATIONS = YES;
				CLANG_WARN_DIRECT_OBJC_ISA_USAGE = YES_ERROR;
				CLANG_WARN_DOCUMENTATION_COMMENTS = YES;
				CLANG_WARN_EMPTY_BODY = YES;
				CLANG_WARN_ENUM_CONVERSION = YES;
				CLANG_WARN_INFINITE_RECURSION = YES;
				CLANG_WARN_INT_CONVERSION = YES;
				CLANG_WARN_NON_LITERAL_NULL_CONVERSION = YES;
				CLANG_WARN_OBJC_IMPLICIT_RETAIN_SELF = YES;
				CLANG_WARN_OBJC_LITERAL_CONVERSION = YES;
				CLANG_WARN_OBJC_ROOT_CLASS = YES_ERROR;
				CLANG_WARN_RANGE_LOOP_ANALYSIS = YES;
				CLANG_WARN_STRICT_PROTOTYPES = YES;
				CLANG_WARN_SUSPICIOUS_MOVE = YES;
				CLANG_WARN_UNGUARDED_AVAILABILITY = YES_AGGRESSIVE;
				CLANG_WARN_UNREACHABLE_CODE = YES;
				CLANG_WARN__DUPLICATE_METHOD_MATCH = YES;
				CODE_SIGN_IDENTITY = "iPhone Developer";
				COPY_PHASE_STRIP = NO;
				DEBUG_INFORMATION_FORMAT = dwarf;
				ENABLE_STRICT_OBJC_MSGSEND = YES;
				ENABLE_TESTABILITY = YES;
				GCC_C_LANGUAGE_STANDARD = gnu11;
				GCC_DYNAMIC_NO_PIC = NO;
				GCC_NO_COMMON_BLOCKS = YES;
				GCC_OPTIMIZATION_LEVEL = 0;
				GCC_PREPROCESSOR_DEFINITIONS = (
					"DEBUG=1",
					"$(inherited)",
				);
				GCC_WARN_64_TO_32_BIT_CONVERSION = YES;
				GCC_WARN_ABOUT_RETURN_TYPE = YES_ERROR;
				GCC_WARN_UNDECLARED_SELECTOR = YES;
				GCC_WARN_UNINITIALIZED_AUTOS = YES_AGGRESSIVE;
				GCC_WARN_UNUSED_FUNCTION = YES;
				GCC_WARN_UNUSED_VARIABLE = YES;
				IPHONEOS_DEPLOYMENT_TARGET = 11.4;
				MTL_ENABLE_DEBUG_INFO = YES;
				ONLY_ACTIVE_ARCH = YES;
				SDKROOT = iphoneos;
				SWIFT_ACTIVE_COMPILATION_CONDITIONS = DEBUG;
				SWIFT_OPTIMIZATION_LEVEL = "-Onone";
			};
			name = Debug;
		};
		2FC42661211BD918007B3099 /* Release */ = {
			isa = XCBuildConfiguration;
			buildSettings = {
				ALWAYS_SEARCH_USER_PATHS = NO;
				CLANG_ANALYZER_NONNULL = YES;
				CLANG_ANALYZER_NUMBER_OBJECT_CONVERSION = YES_AGGRESSIVE;
				CLANG_CXX_LANGUAGE_STANDARD = "gnu++14";
				CLANG_CXX_LIBRARY = "libc++";
				CLANG_ENABLE_MODULES = YES;
				CLANG_ENABLE_OBJC_ARC = YES;
				CLANG_ENABLE_OBJC_WEAK = YES;
				CLANG_WARN_BLOCK_CAPTURE_AUTORELEASING = YES;
				CLANG_WARN_BOOL_CONVERSION = YES;
				CLANG_WARN_COMMA = YES;
				CLANG_WARN_CONSTANT_CONVERSION = YES;
				CLANG_WARN_DEPRECATED_OBJC_IMPLEMENTATIONS = YES;
				CLANG_WARN_DIRECT_OBJC_ISA_USAGE = YES_ERROR;
				CLANG_WARN_DOCUMENTATION_COMMENTS = YES;
				CLANG_WARN_EMPTY_BODY = YES;
				CLANG_WARN_ENUM_CONVERSION = YES;
				CLANG_WARN_INFINITE_RECURSION = YES;
				CLANG_WARN_INT_CONVERSION = YES;
				CLANG_WARN_NON_LITERAL_NULL_CONVERSION = YES;
				CLANG_WARN_OBJC_IMPLICIT_RETAIN_SELF = YES;
				CLANG_WARN_OBJC_LITERAL_CONVERSION = YES;
				CLANG_WARN_OBJC_ROOT_CLASS = YES_ERROR;
				CLANG_WARN_RANGE_LOOP_ANALYSIS = YES;
				CLANG_WARN_STRICT_PROTOTYPES = YES;
				CLANG_WARN_SUSPICIOUS_MOVE = YES;
				CLANG_WARN_UNGUARDED_AVAILABILITY = YES_AGGRESSIVE;
				CLANG_WARN_UNREACHABLE_CODE = YES;
				CLANG_WARN__DUPLICATE_METHOD_MATCH = YES;
				CODE_SIGN_IDENTITY = "iPhone Developer";
				COPY_PHASE_STRIP = NO;
				DEBUG_INFORMATION_FORMAT = "dwarf-with-dsym";
				ENABLE_NS_ASSERTIONS = NO;
				ENABLE_STRICT_OBJC_MSGSEND = YES;
				GCC_C_LANGUAGE_STANDARD = gnu11;
				GCC_NO_COMMON_BLOCKS = YES;
				GCC_WARN_64_TO_32_BIT_CONVERSION = YES;
				GCC_WARN_ABOUT_RETURN_TYPE = YES_ERROR;
				GCC_WARN_UNDECLARED_SELECTOR = YES;
				GCC_WARN_UNINITIALIZED_AUTOS = YES_AGGRESSIVE;
				GCC_WARN_UNUSED_FUNCTION = YES;
				GCC_WARN_UNUSED_VARIABLE = YES;
				IPHONEOS_DEPLOYMENT_TARGET = 11.4;
				MTL_ENABLE_DEBUG_INFO = NO;
				SDKROOT = iphoneos;
				SWIFT_COMPILATION_MODE = wholemodule;
				SWIFT_OPTIMIZATION_LEVEL = "-O";
				VALIDATE_PRODUCT = YES;
			};
			name = Release;
		};
		2FC42663211BD918007B3099 /* Debug */ = {
			isa = XCBuildConfiguration;
			buildSettings = {
				ASSETCATALOG_COMPILER_APPICON_NAME = AppIcon;
				CODE_SIGN_STYLE = Automatic;
				DEVELOPMENT_TEAM = BY96HCBY6M;
				FRAMEWORK_SEARCH_PATHS = (
					"$(inherited)",
					"$(PROJECT_DIR)/WotjdCam/Carthage/Build/iOS",
				);
				INFOPLIST_FILE = WotjdCam/Info.plist;
				IPHONEOS_DEPLOYMENT_TARGET = 11.3;
				LD_RUNPATH_SEARCH_PATHS = (
					"$(inherited)",
					"@executable_path/Frameworks",
				);
				PRODUCT_BUNDLE_IDENTIFIER = wotjd.WotjdCam;
				PRODUCT_NAME = "$(TARGET_NAME)";
				SWIFT_VERSION = 4.0;
				TARGETED_DEVICE_FAMILY = 1;
			};
			name = Debug;
		};
		2FC42664211BD918007B3099 /* Release */ = {
			isa = XCBuildConfiguration;
			buildSettings = {
				ASSETCATALOG_COMPILER_APPICON_NAME = AppIcon;
				CODE_SIGN_STYLE = Automatic;
				DEVELOPMENT_TEAM = BY96HCBY6M;
				FRAMEWORK_SEARCH_PATHS = (
					"$(inherited)",
					"$(PROJECT_DIR)/WotjdCam/Carthage/Build/iOS",
				);
				INFOPLIST_FILE = WotjdCam/Info.plist;
				IPHONEOS_DEPLOYMENT_TARGET = 11.3;
				LD_RUNPATH_SEARCH_PATHS = (
					"$(inherited)",
					"@executable_path/Frameworks",
				);
				PRODUCT_BUNDLE_IDENTIFIER = wotjd.WotjdCam;
				PRODUCT_NAME = "$(TARGET_NAME)";
				SWIFT_VERSION = 4.0;
				TARGETED_DEVICE_FAMILY = 1;
			};
			name = Release;
		};
		2FC426A2211BF850007B3099 /* Debug */ = {
			isa = XCBuildConfiguration;
			buildSettings = {
				CODE_SIGN_STYLE = Automatic;
				DEVELOPMENT_TEAM = BY96HCBY6M;
				INFOPLIST_FILE = BroadcastExtensionSetupUI/Info.plist;
				LD_RUNPATH_SEARCH_PATHS = (
					"$(inherited)",
					"@executable_path/Frameworks",
					"@executable_path/../../Frameworks",
				);
				PRODUCT_BUNDLE_IDENTIFIER = wotjd.WotjdCam.BroadcastExtensionSetupUI;
				PRODUCT_NAME = "$(TARGET_NAME)";
				SKIP_INSTALL = YES;
				SWIFT_VERSION = 4.0;
				TARGETED_DEVICE_FAMILY = "1,2";
			};
			name = Debug;
		};
		2FC426A3211BF850007B3099 /* Release */ = {
			isa = XCBuildConfiguration;
			buildSettings = {
				CODE_SIGN_STYLE = Automatic;
				DEVELOPMENT_TEAM = BY96HCBY6M;
				INFOPLIST_FILE = BroadcastExtensionSetupUI/Info.plist;
				LD_RUNPATH_SEARCH_PATHS = (
					"$(inherited)",
					"@executable_path/Frameworks",
					"@executable_path/../../Frameworks",
				);
				PRODUCT_BUNDLE_IDENTIFIER = wotjd.WotjdCam.BroadcastExtensionSetupUI;
				PRODUCT_NAME = "$(TARGET_NAME)";
				SKIP_INSTALL = YES;
				SWIFT_VERSION = 4.0;
				TARGETED_DEVICE_FAMILY = "1,2";
			};
			name = Release;
		};
		2FC426A5211BF850007B3099 /* Debug */ = {
			isa = XCBuildConfiguration;
			buildSettings = {
				CODE_SIGN_STYLE = Automatic;
				DEVELOPMENT_TEAM = BY96HCBY6M;
				INFOPLIST_FILE = BroadcastExtension/Info.plist;
				LD_RUNPATH_SEARCH_PATHS = (
					"$(inherited)",
					"@executable_path/Frameworks",
					"@executable_path/../../Frameworks",
				);
				PRODUCT_BUNDLE_IDENTIFIER = wotjd.WotjdCam.BroadcastExtension;
				PRODUCT_NAME = "$(TARGET_NAME)";
				SKIP_INSTALL = YES;
				SWIFT_VERSION = 4.0;
				TARGETED_DEVICE_FAMILY = "1,2";
			};
			name = Debug;
		};
		2FC426A6211BF850007B3099 /* Release */ = {
			isa = XCBuildConfiguration;
			buildSettings = {
				CODE_SIGN_STYLE = Automatic;
				DEVELOPMENT_TEAM = BY96HCBY6M;
				INFOPLIST_FILE = BroadcastExtension/Info.plist;
				LD_RUNPATH_SEARCH_PATHS = (
					"$(inherited)",
					"@executable_path/Frameworks",
					"@executable_path/../../Frameworks",
				);
				PRODUCT_BUNDLE_IDENTIFIER = wotjd.WotjdCam.BroadcastExtension;
				PRODUCT_NAME = "$(TARGET_NAME)";
				SKIP_INSTALL = YES;
				SWIFT_VERSION = 4.0;
				TARGETED_DEVICE_FAMILY = "1,2";
			};
			name = Release;
		};
/* End XCBuildConfiguration section */

/* Begin XCConfigurationList section */
		2FC4264B211BD917007B3099 /* Build configuration list for PBXProject "WotjdCam" */ = {
			isa = XCConfigurationList;
			buildConfigurations = (
				2FC42660211BD918007B3099 /* Debug */,
				2FC42661211BD918007B3099 /* Release */,
			);
			defaultConfigurationIsVisible = 0;
			defaultConfigurationName = Release;
		};
		2FC42662211BD918007B3099 /* Build configuration list for PBXNativeTarget "WotjdCam" */ = {
			isa = XCConfigurationList;
			buildConfigurations = (
				2FC42663211BD918007B3099 /* Debug */,
				2FC42664211BD918007B3099 /* Release */,
			);
			defaultConfigurationIsVisible = 0;
			defaultConfigurationName = Release;
		};
		2FC426A1211BF850007B3099 /* Build configuration list for PBXNativeTarget "BroadcastExtensionSetupUI" */ = {
			isa = XCConfigurationList;
			buildConfigurations = (
				2FC426A2211BF850007B3099 /* Debug */,
				2FC426A3211BF850007B3099 /* Release */,
			);
			defaultConfigurationIsVisible = 0;
			defaultConfigurationName = Release;
		};
		2FC426A4211BF850007B3099 /* Build configuration list for PBXNativeTarget "BroadcastExtension" */ = {
			isa = XCConfigurationList;
			buildConfigurations = (
				2FC426A5211BF850007B3099 /* Debug */,
				2FC426A6211BF850007B3099 /* Release */,
			);
			defaultConfigurationIsVisible = 0;
			defaultConfigurationName = Release;
		};
/* End XCConfigurationList section */
	};
	rootObject = 2FC42648211BD917007B3099 /* Project object */;
}
